
Microsoft Visual Studio Solution File, Format Version 12.00
# Visual Studio 15
VisualStudioVersion = 15.0.28307.329
MinimumVisualStudioVersion = 10.0.40219.1
Project("{9A19103F-16F7-4668-BE54-9A1E7A4F7556}") = "TestProject.Domain", "TestProject\TestProject.Domain.csproj", "{E86F2986-520E-4DCB-A73A-1970A0D8D130}"
EndProject
Project("{9A19103F-16F7-4668-BE54-9A1E7A4F7556}") = "TestProject.Persistence", "TestProject.Persistence\TestProject.Persistence.csproj", "{02EAD992-0820-455F-B6F2-7F1ED14E4B35}"
EndProject
Project("{9A19103F-16F7-4668-BE54-9A1E7A4F7556}") = "TestProject.Repositories", "TestProject.Repositories\TestProject.Repositories.csproj", "{53BE0D6D-0195-4E3A-8259-1C654389EA5A}"
EndProject
Project("{9A19103F-16F7-4668-BE54-9A1E7A4F7556}") = "TestsWeb", "TestsWeb\TestsWeb.csproj", "{672BF6C0-E5F5-4CCA-A58A-0ED4788718E4}"
EndProject
Global
	GlobalSection(SolutionConfigurationPlatforms) = preSolution
		Debug|Any CPU = Debug|Any CPU
		Release|Any CPU = Release|Any CPU
	EndGlobalSection
	GlobalSection(ProjectConfigurationPlatforms) = postSolution
		{E86F2986-520E-4DCB-A73A-1970A0D8D130}.Debug|Any CPU.ActiveCfg = Debug|Any CPU
		{E86F2986-520E-4DCB-A73A-1970A0D8D130}.Debug|Any CPU.Build.0 = Debug|Any CPU
		{E86F2986-520E-4DCB-A73A-1970A0D8D130}.Release|Any CPU.ActiveCfg = Release|Any CPU
		{E86F2986-520E-4DCB-A73A-1970A0D8D130}.Release|Any CPU.Build.0 = Release|Any CPU
		{02EAD992-0820-455F-B6F2-7F1ED14E4B35}.Debug|Any CPU.ActiveCfg = Debug|Any CPU
		{02EAD992-0820-455F-B6F2-7F1ED14E4B35}.Debug|Any CPU.Build.0 = Debug|Any CPU
		{02EAD992-0820-455F-B6F2-7F1ED14E4B35}.Release|Any CPU.ActiveCfg = Release|Any CPU
		{02EAD992-0820-455F-B6F2-7F1ED14E4B35}.Release|Any CPU.Build.0 = Release|Any CPU
		{53BE0D6D-0195-4E3A-8259-1C654389EA5A}.Debug|Any CPU.ActiveCfg = Debug|Any CPU
		{53BE0D6D-0195-4E3A-8259-1C654389EA5A}.Debug|Any CPU.Build.0 = Debug|Any CPU
		{53BE0D6D-0195-4E3A-8259-1C654389EA5A}.Release|Any CPU.ActiveCfg = Release|Any CPU
		{53BE0D6D-0195-4E3A-8259-1C654389EA5A}.Release|Any CPU.Build.0 = Release|Any CPU
		{672BF6C0-E5F5-4CCA-A58A-0ED4788718E4}.Debug|Any CPU.ActiveCfg = Debug|Any CPU
		{672BF6C0-E5F5-4CCA-A58A-0ED4788718E4}.Debug|Any CPU.Build.0 = Debug|Any CPU
		{672BF6C0-E5F5-4CCA-A58A-0ED4788718E4}.Release|Any CPU.ActiveCfg = Release|Any CPU
		{672BF6C0-E5F5-4CCA-A58A-0ED4788718E4}.Release|Any CPU.Build.0 = Release|Any CPU
	EndGlobalSection
	GlobalSection(SolutionProperties) = preSolution
		HideSolutionNode = FALSE
	EndGlobalSection
	GlobalSection(ExtensibilityGlobals) = postSolution
		SolutionGuid = {9B2AF69B-25D9-461A-A4FB-24D5C2437A72}
	EndGlobalSection
EndGlobal
